
Microsoft Visual Studio Solution File, Format Version 12.00
# Visual Studio 15
VisualStudioVersion = 15.0.26730.15
MinimumVisualStudioVersion = 10.0.40219.1
Project("{F2A71F9B-5D33-465A-A702-920D77279786}") = "paket-net461-bug", "paket-net461-bug\paket-net461-bug.fsproj", "{12182DAC-EBE4-4FF1-9CBD-F4950F463648}"
EndProject
Global
	GlobalSection(SolutionConfigurationPlatforms) = preSolution
		Debug|Any CPU = Debug|Any CPU
		Release|Any CPU = Release|Any CPU
	EndGlobalSection
	GlobalSection(ProjectConfigurationPlatforms) = postSolution
		{12182DAC-EBE4-4FF1-9CBD-F4950F463648}.Debug|Any CPU.ActiveCfg = Debug|Any CPU
		{12182DAC-EBE4-4FF1-9CBD-F4950F463648}.Debug|Any CPU.Build.0 = Debug|Any CPU
		{12182DAC-EBE4-4FF1-9CBD-F4950F463648}.Release|Any CPU.ActiveCfg = Release|Any CPU
		{12182DAC-EBE4-4FF1-9CBD-F4950F463648}.Release|Any CPU.Build.0 = Release|Any CPU
	EndGlobalSection
	GlobalSection(SolutionProperties) = preSolution
		HideSolutionNode = FALSE
	EndGlobalSection
	GlobalSection(ExtensibilityGlobals) = postSolution
		SolutionGuid = {FA12AA90-4866-42D1-A8D7-2EAF595C1087}
	EndGlobalSection
EndGlobal
